// !$*UTF8*$!
{
	archiveVersion = 1;
	classes = {
	};
	objectVersion = 46;
	objects = {

/* Begin PBXBuildFile section */
		9E3A2AE613C231B400E49A59 /* main.m in Sources */ = {isa = PBXBuildFile; fileRef = 9E3A2AE513C231B400E49A59 /* main.m */; };
		9E3A2AED13C231B400E49A59 /* Mp3GainMacAppDelegate.m in Sources */ = {isa = PBXBuildFile; fileRef = 9E3A2AEC13C231B400E49A59 /* Mp3GainMacAppDelegate.m */; };
		9E3A2AF013C231B400E49A59 /* MainMenu.xib in Resources */ = {isa = PBXBuildFile; fileRef = 9E3A2AEE13C231B400E49A59 /* MainMenu.xib */; };
		9E3A2AF713C237A000E49A59 /* AddSong.png in Resources */ = {isa = PBXBuildFile; fileRef = 9E3A2AF613C237A000E49A59 /* AddSong.png */; };
		9E3A2AFB13C23D5200E49A59 /* AddFolder.png in Resources */ = {isa = PBXBuildFile; fileRef = 9E3A2AF813C23D5200E49A59 /* AddFolder.png */; };
		9E3A2AFC13C23D5200E49A59 /* ClearAll.png in Resources */ = {isa = PBXBuildFile; fileRef = 9E3A2AF913C23D5200E49A59 /* ClearAll.png */; };
		9E3A2AFD13C23D5200E49A59 /* ClearSong.png in Resources */ = {isa = PBXBuildFile; fileRef = 9E3A2AFA13C23D5200E49A59 /* ClearSong.png */; };
		9E4132901D52DEE600F0A004 /* Mp3GainTask.m in Sources */ = {isa = PBXBuildFile; fileRef = 9E41328F1D52DEE600F0A004 /* Mp3GainTask.m */; };
		9E431AF41D4AFC2800A69E9D /* CoreFoundation.framework in Frameworks */ = {isa = PBXBuildFile; fileRef = 9E431AF31D4AFC2800A69E9D /* CoreFoundation.framework */; };
		9E431AF61D4AFC3700A69E9D /* AppKit.framework in Frameworks */ = {isa = PBXBuildFile; fileRef = 9E431AF51D4AFC3700A69E9D /* AppKit.framework */; };
		9E431AF71D4AFC4800A69E9D /* UniformTypeIdentifiers.framework in Frameworks */ = {isa = PBXBuildFile; fileRef = 9E431AF81D4AFC4800A69E9D /* UniformTypeIdentifiers.framework */; };
		9E46184C1EDBC36100C12330 /* aacgain in Resources */ = {isa = PBXBuildFile; fileRef = 9E46184B1EDBC36100C12330 /* aacgain */; };
		9E48BC2A13C3F34A003BDC4F /* m3gInputList.m in Sources */ = {isa = PBXBuildFile; fileRef = 9E48BC2913C3F34A003BDC4F /* m3gInputList.m */; };
		9E5E0AC11ED8D0E500B2D422 /* m3gPreferences.m in Sources */ = {isa = PBXBuildFile; fileRef = 9E5E0AC01ED8D0E500B2D422 /* m3gPreferences.m */; };
		9EA9F17713C278550036B145 /* m3gInputItem.m in Sources */ = {isa = PBXBuildFile; fileRef = 9EA9F17613C278550036B145 /* m3gInputItem.m */; };
		9EB6852C1EB839E7003DD377 /* Assets.xcassets in Resources */ = {isa = PBXBuildFile; fileRef = 9EB6852B1EB839E7003DD377 /* Assets.xcassets */; };
		9EBDFE2E1EB53E4300C0F9F4 /* M3GWindow.m in Sources */ = {isa = PBXBuildFile; fileRef = 9EBDFE2D1EB53E4300C0F9F4 /* M3GWindow.m */; };
		D9F96FB32F44E64D00CA6066 /* dsa_pub.pem in Resources */ = {isa = PBXBuildFile; fileRef = D9F96FB22F44E64D00CA6066 /* dsa_pub.pem */; };
		D9F96FB52F44E6EF00CA6066 /* Localizable.strings in Resources */ = {isa = PBXBuildFile; fileRef = D9F96FB42F44E6EF00CA6066 /* Localizable.strings */; };
		D9F96FBA2F44E8AA00CA6066 /* Credits.rtf in Resources */ = {isa = PBXBuildFile; fileRef = D9F96FBB2F44E8AA00CA6066 /* Credits.rtf */; };
		D9F96FB72F44E5F700CA6066 /* Sparkle.framework in Frameworks */ = {isa = PBXBuildFile; fileRef = D9F96FB62F44E5F700CA6066 /* Sparkle.framework */; };
		D9F96FB82F44E70900CA6066 /* Sparkle.framework in Embed Frameworks */ = {isa = PBXBuildFile; fileRef = D9F96FB62F44E5F700CA6066 /* Sparkle.framework */; settings = {ATTRIBUTES = (CodeSignOnCopy, RemoveHeadersOnCopy, ); }; };
/* End PBXBuildFile section */

/* Begin PBXCopyFilesBuildPhase section */
		D9F96FB92F44E70900CA6066 /* Embed Frameworks */ = {
			isa = PBXCopyFilesBuildPhase;
			buildActionMask = 2147483647;
			dstPath = "";
			dstSubfolderSpec = 10;
			files = (
				D9F96FB82F44E70900CA6066 /* Sparkle.framework in Embed Frameworks */,
			);
			name = "Embed Frameworks";
			runOnlyForDeploymentPostprocessing = 0;
		};
/* End PBXCopyFilesBuildPhase section */

/* Begin PBXFileReference section */
		9E3A2AD513C231B400E49A59 /* MP3Gain Express.app */ = {isa = PBXFileReference; explicitFileType = wrapper.application; includeInIndex = 0; path = "MP3Gain Express.app"; sourceTree = BUILT_PRODUCTS_DIR; };
		9E3A2AE113C231B400E49A59 /* MP3GainExpress-Info.plist */ = {isa = PBXFileReference; lastKnownFileType = text.plist.xml; path = "MP3GainExpress-Info.plist"; sourceTree = "<group>"; };
		9E3A2AE513C231B400E49A59 /* main.m */ = {isa = PBXFileReference; lastKnownFileType = sourcecode.c.objc; path = main.m; sourceTree = "<group>"; };
		9E3A2AE713C231B400E49A59 /* MP3GainExpress-Prefix.pch */ = {isa = PBXFileReference; lastKnownFileType = sourcecode.c.h; path = "MP3GainExpress-Prefix.pch"; sourceTree = "<group>"; };
		9E3A2AEB13C231B400E49A59 /* Mp3GainMacAppDelegate.h */ = {isa = PBXFileReference; lastKnownFileType = sourcecode.c.h; path = Mp3GainMacAppDelegate.h; sourceTree = "<group>"; };
		9E3A2AEC13C231B400E49A59 /* Mp3GainMacAppDelegate.m */ = {isa = PBXFileReference; lastKnownFileType = sourcecode.c.objc; path = Mp3GainMacAppDelegate.m; sourceTree = "<group>"; };
		9E3A2AF613C237A000E49A59 /* AddSong.png */ = {isa = PBXFileReference; lastKnownFileType = image.png; path = AddSong.png; sourceTree = "<group>"; };
		9E3A2AF813C23D5200E49A59 /* AddFolder.png */ = {isa = PBXFileReference; lastKnownFileType = image.png; path = AddFolder.png; sourceTree = "<group>"; };
		9E3A2AF913C23D5200E49A59 /* ClearAll.png */ = {isa = PBXFileReference; lastKnownFileType = image.png; path = ClearAll.png; sourceTree = "<group>"; };
		9E3A2AFA13C23D5200E49A59 /* ClearSong.png */ = {isa = PBXFileReference; lastKnownFileType = image.png; path = ClearSong.png; sourceTree = "<group>"; };
		9E41328E1D52DEE600F0A004 /* Mp3GainTask.h */ = {isa = PBXFileReference; fileEncoding = 4; lastKnownFileType = sourcecode.c.h; path = Mp3GainTask.h; sourceTree = "<group>"; };
		9E41328F1D52DEE600F0A004 /* Mp3GainTask.m */ = {isa = PBXFileReference; fileEncoding = 4; lastKnownFileType = sourcecode.c.objc; path = Mp3GainTask.m; sourceTree = "<group>"; };
		9E431AF31D4AFC2800A69E9D /* CoreFoundation.framework */ = {isa = PBXFileReference; lastKnownFileType = wrapper.framework; name = CoreFoundation.framework; path = System/Library/Frameworks/CoreFoundation.framework; sourceTree = SDKROOT; };
		9E431AF51D4AFC3700A69E9D /* AppKit.framework */ = {isa = PBXFileReference; lastKnownFileType = wrapper.framework; name = AppKit.framework; path = System/Library/Frameworks/AppKit.framework; sourceTree = SDKROOT; };
		9E431AF81D4AFC4800A69E9D /* UniformTypeIdentifiers.framework */ = {isa = PBXFileReference; lastKnownFileType = wrapper.framework; name = UniformTypeIdentifiers.framework; path = System/Library/Frameworks/UniformTypeIdentifiers.framework; sourceTree = SDKROOT; };
		9E46184B1EDBC36100C12330 /* aacgain */ = {isa = PBXFileReference; lastKnownFileType = "compiled.mach-o.executable"; path = aacgain; sourceTree = "<group>"; };
		9E48BC2813C3F34A003BDC4F /* m3gInputList.h */ = {isa = PBXFileReference; fileEncoding = 4; lastKnownFileType = sourcecode.c.h; path = m3gInputList.h; sourceTree = "<group>"; };
		9E48BC2913C3F34A003BDC4F /* m3gInputList.m */ = {isa = PBXFileReference; fileEncoding = 4; lastKnownFileType = sourcecode.c.objc; path = m3gInputList.m; sourceTree = "<group>"; };
		9E5E0ABF1ED8D0E500B2D422 /* m3gPreferences.h */ = {isa = PBXFileReference; fileEncoding = 4; lastKnownFileType = sourcecode.c.h; path = m3gPreferences.h; sourceTree = "<group>"; };
		9E5E0AC01ED8D0E500B2D422 /* m3gPreferences.m */ = {isa = PBXFileReference; fileEncoding = 4; lastKnownFileType = sourcecode.c.objc; path = m3gPreferences.m; sourceTree = "<group>"; };
		9EA9F17513C278550036B145 /* m3gInputItem.h */ = {isa = PBXFileReference; fileEncoding = 4; lastKnownFileType = sourcecode.c.h; path = m3gInputItem.h; sourceTree = "<group>"; };
		9EA9F17613C278550036B145 /* m3gInputItem.m */ = {isa = PBXFileReference; fileEncoding = 4; lastKnownFileType = sourcecode.c.objc; path = m3gInputItem.m; sourceTree = "<group>"; };
		9EB6852B1EB839E7003DD377 /* Assets.xcassets */ = {isa = PBXFileReference; lastKnownFileType = folder.assetcatalog; path = Assets.xcassets; sourceTree = "<group>"; };
		9EBDFE2C1EB53E4300C0F9F4 /* M3GWindow.h */ = {isa = PBXFileReference; fileEncoding = 4; lastKnownFileType = sourcecode.c.h; path = M3GWindow.h; sourceTree = "<group>"; };
		9EBDFE2D1EB53E4300C0F9F4 /* M3GWindow.m */ = {isa = PBXFileReference; fileEncoding = 4; lastKnownFileType = sourcecode.c.objc; path = M3GWindow.m; sourceTree = "<group>"; };
		D92A70FD2F42430900A5866C /* MP3GainExpress.entitlements */ = {isa = PBXFileReference; lastKnownFileType = text.plist.entitlements; path = MP3GainExpress.entitlements; sourceTree = "<group>"; };
		D94C907D2F437916002C5ED4 /* en */ = {isa = PBXFileReference; lastKnownFileType = file.xib; name = en; path = en.lproj/MainMenu.xib; sourceTree = "<group>"; };
		D9F96FB22F44E64D00CA6066 /* dsa_pub.pem */ = {isa = PBXFileReference; lastKnownFileType = text; path = dsa_pub.pem; sourceTree = "<group>"; };
		D9F96FB42F44E6EF00CA6066 /* Localizable.strings */ = {isa = PBXFileReference; lastKnownFileType = text.plist.strings; path = Localizable.strings; sourceTree = "<group>"; };
		D9F96FBB2F44E8AA00CA6066 /* Credits.rtf */ = {isa = PBXFileReference; lastKnownFileType = text.rtf; name = Credits.rtf; path = en.lproj/Credits.rtf; sourceTree = "<group>"; };
		D9F96FB62F44E5F700CA6066 /* Sparkle.framework */ = {isa = PBXFileReference; lastKnownFileType = wrapper.framework; path = Sparkle.framework; sourceTree = "<group>"; };
/* End PBXFileReference section */

/* Begin PBXFrameworksBuildPhase section */
		9E3A2AD213C231B400E49A59 /* Frameworks */ = {
			isa = PBXFrameworksBuildPhase;
			buildActionMask = 2147483647;
			files = (
				9E431AF61D4AFC3700A69E9D /* AppKit.framework in Frameworks */,
				9E431AF41D4AFC2800A69E9D /* CoreFoundation.framework in Frameworks */,
				9E431AF71D4AFC4800A69E9D /* UniformTypeIdentifiers.framework in Frameworks */,
				D9F96FB72F44E5F700CA6066 /* Sparkle.framework in Frameworks */,
			);
			runOnlyForDeploymentPostprocessing = 0;
		};
/* End PBXFrameworksBuildPhase section */

/* Begin PBXGroup section */
		9E3A2ACA13C231B400E49A59 = {
			isa = PBXGroup;
			children = (
				9E3A2ADF13C231B400E49A59 /* MP3GainExpress */,
				9E3A2AD813C231B400E49A59 /* Frameworks */,
				9E3A2AD613C231B400E49A59 /* Products */,
			);
			sourceTree = "<group>";
		};
		9E3A2AD613C231B400E49A59 /* Products */ = {
			isa = PBXGroup;
			children = (
				9E3A2AD513C231B400E49A59 /* MP3Gain Express.app */,
			);
			name = Products;
			sourceTree = "<group>";
		};
		9E3A2AD813C231B400E49A59 /* Frameworks */ = {
			isa = PBXGroup;
			children = (
				9E431AF51D4AFC3700A69E9D /* AppKit.framework */,
				9E431AF31D4AFC2800A69E9D /* CoreFoundation.framework */,
				9E431AF81D4AFC4800A69E9D /* UniformTypeIdentifiers.framework */,
				D9F96FB62F44E5F700CA6066 /* Sparkle.framework */,
			);
			name = Frameworks;
			sourceTree = "<group>";
		};
		9E3A2ADF13C231B400E49A59 /* MP3GainExpress */ = {
			isa = PBXGroup;
			children = (
				D92A70FC2F42415600A5866C /* aacgain-exe */,
				9EB6852B1EB839E7003DD377 /* Assets.xcassets */,
				D9F96FBB2F44E8AA00CA6066 /* Credits.rtf */,
				D9F96FB22F44E64D00CA6066 /* dsa_pub.pem */,
				D9F96FB42F44E6EF00CA6066 /* Localizable.strings */,
				9E3A2AE513C231B400E49A59 /* main.m */,
				9E3A2AEE13C231B400E49A59 /* MainMenu.xib */,
				D92A70FD2F42430900A5866C /* MP3GainExpress.entitlements */,
				9E3A2AE113C231B400E49A59 /* MP3GainExpress-Info.plist */,
				9E3A2AE713C231B400E49A59 /* MP3GainExpress-Prefix.pch */,
				9E3A2AEB13C231B400E49A59 /* Mp3GainMacAppDelegate.h */,
				9E3A2AEC13C231B400E49A59 /* Mp3GainMacAppDelegate.m */,
				D92A70F92F4240D500A5866C /* Preferences */,
				D92A70FB2F42410100A5866C /* Process */,
				9E3A2AE013C231B400E49A59 /* Supporting Files */,
				D92A70FA2F4240EF00A5866C /* Window */,
			);
			path = MP3GainExpress;
			sourceTree = "<group>";
		};
		9E3A2AE013C231B400E49A59 /* Supporting Files */ = {
			isa = PBXGroup;
			children = (
				D92A70F82F423D3F00A5866C /* Toolbar-icons */,
			);
			name = "Supporting Files";
			sourceTree = "<group>";
		};
		D92A70F82F423D3F00A5866C /* Toolbar-icons */ = {
			isa = PBXGroup;
			children = (
				9E3A2AF813C23D5200E49A59 /* AddFolder.png */,
				9E3A2AF913C23D5200E49A59 /* ClearAll.png */,
				9E3A2AFA13C23D5200E49A59 /* ClearSong.png */,
				9E3A2AF613C237A000E49A59 /* AddSong.png */,
			);
			path = "Toolbar-icons";
			sourceTree = "<group>";
		};
		D92A70F92F4240D500A5866C /* Preferences */ = {
			isa = PBXGroup;
			children = (
				9E5E0ABF1ED8D0E500B2D422 /* m3gPreferences.h */,
				9E5E0AC01ED8D0E500B2D422 /* m3gPreferences.m */,
			);
			path = Preferences;
			sourceTree = "<group>";
		};
		D92A70FA2F4240EF00A5866C /* Window */ = {
			isa = PBXGroup;
			children = (
				9EBDFE2C1EB53E4300C0F9F4 /* M3GWindow.h */,
				9EBDFE2D1EB53E4300C0F9F4 /* M3GWindow.m */,
			);
			path = Window;
			sourceTree = "<group>";
		};
		D92A70FB2F42410100A5866C /* Process */ = {
			isa = PBXGroup;
			children = (
				9EA9F17513C278550036B145 /* m3gInputItem.h */,
				9EA9F17613C278550036B145 /* m3gInputItem.m */,
				9E48BC2813C3F34A003BDC4F /* m3gInputList.h */,
				9E48BC2913C3F34A003BDC4F /* m3gInputList.m */,
				9E41328E1D52DEE600F0A004 /* Mp3GainTask.h */,
				9E41328F1D52DEE600F0A004 /* Mp3GainTask.m */,
			);
			path = Process;
			sourceTree = "<group>";
		};
		D92A70FC2F42415600A5866C /* aacgain-exe */ = {
			isa = PBXGroup;
			children = (
				9E46184B1EDBC36100C12330 /* aacgain */,
			);
			path = "aacgain-exe";
			sourceTree = "<group>";
		};
/* End PBXGroup section */

/* Begin PBXNativeTarget section */
		9E3A2AD413C231B400E49A59 /* MP3GainExpress */ = {
			isa = PBXNativeTarget;
			buildConfigurationList = 9E3A2AF313C231B400E49A59 /* Build configuration list for PBXNativeTarget "MP3GainExpress" */;
			buildPhases = (
				9E3A2AD113C231B400E49A59 /* Sources */,
				9E3A2AD213C231B400E49A59 /* Frameworks */,
				9E3A2AD313C231B400E49A59 /* Resources */,
				D9F96FB92F44E70900CA6066 /* Embed Frameworks */,
			);
			buildRules = (
			);
			dependencies = (
			);
			name = MP3GainExpress;
			productName = Mp3GainMac;
			productReference = 9E3A2AD513C231B400E49A59 /* MP3Gain Express.app */;
			productType = "com.apple.product-type.application";
		};
/* End PBXNativeTarget section */

/* Begin PBXProject section */
		9E3A2ACC13C231B400E49A59 /* Project object */ = {
			isa = PBXProject;
			attributes = {
				LastUpgradeCheck = 1230;
				TargetAttributes = {
					9E3A2AD413C231B400E49A59 = {
						DevelopmentTeam = ER43ZD2S4U;
						ProvisioningStyle = Automatic;
					};
				};
			};
			buildConfigurationList = 9E3A2ACF13C231B400E49A59 /* Build configuration list for PBXProject "MP3GainExpress" */;
			compatibilityVersion = "Xcode 3.2";
			developmentRegion = en;
			hasScannedForEncodings = 0;
			knownRegions = (
				en,
			);
			mainGroup = 9E3A2ACA13C231B400E49A59;
			productRefGroup = 9E3A2AD613C231B400E49A59 /* Products */;
			projectDirPath = "";
			projectRoot = "";
			targets = (
				9E3A2AD413C231B400E49A59 /* MP3GainExpress */,
			);
		};
/* End PBXProject section */

/* Begin PBXResourcesBuildPhase section */
		9E3A2AD313C231B400E49A59 /* Resources */ = {
			isa = PBXResourcesBuildPhase;
			buildActionMask = 2147483647;
			files = (
				9EB6852C1EB839E7003DD377 /* Assets.xcassets in Resources */,
				9E46184C1EDBC36100C12330 /* aacgain in Resources */,
				9E3A2AF013C231B400E49A59 /* MainMenu.xib in Resources */,
				9E3A2AF713C237A000E49A59 /* AddSong.png in Resources */,
				D9F96FBA2F44E8AA00CA6066 /* Credits.rtf in Resources */,
				D9F96FB52F44E6EF00CA6066 /* Localizable.strings in Resources */,
				D9F96FB32F44E64D00CA6066 /* dsa_pub.pem in Resources */,
				9E3A2AFB13C23D5200E49A59 /* AddFolder.png in Resources */,
				9E3A2AFC13C23D5200E49A59 /* ClearAll.png in Resources */,
				9E3A2AFD13C23D5200E49A59 /* ClearSong.png in Resources */,
			);
			runOnlyForDeploymentPostprocessing = 0;
		};
/* End PBXResourcesBuildPhase section */

/* Begin PBXSourcesBuildPhase section */
		9E3A2AD113C231B400E49A59 /* Sources */ = {
			isa = PBXSourcesBuildPhase;
			buildActionMask = 2147483647;
			files = (
				9E4132901D52DEE600F0A004 /* Mp3GainTask.m in Sources */,
				9E3A2AE613C231B400E49A59 /* main.m in Sources */,
				9EBDFE2E1EB53E4300C0F9F4 /* M3GWindow.m in Sources */,
				9E3A2AED13C231B400E49A59 /* Mp3GainMacAppDelegate.m in Sources */,
				9E5E0AC11ED8D0E500B2D422 /* m3gPreferences.m in Sources */,
				9EA9F17713C278550036B145 /* m3gInputItem.m in Sources */,
				9E48BC2A13C3F34A003BDC4F /* m3gInputList.m in Sources */,
			);
			runOnlyForDeploymentPostprocessing = 0;
		};
/* End PBXSourcesBuildPhase section */

/* Begin PBXVariantGroup section */
		9E3A2AEE13C231B400E49A59 /* MainMenu.xib */ = {
			isa = PBXVariantGroup;
			children = (
				D94C907D2F437916002C5ED4 /* en */,
			);
			name = MainMenu.xib;
			sourceTree = "<group>";
		};
/* End PBXVariantGroup section */

/* Begin XCBuildConfiguration section */
		9E3A2AF113C231B400E49A59 /* Debug */ = {
			isa = XCBuildConfiguration;
			buildSettings = {
				ALWAYS_SEARCH_USER_PATHS = NO;
				ARCHS = "$(ARCHS_STANDARD)";
				ASSETCATALOG_COMPILER_APPICON_NAME = AppIcon;
				CLANG_ANALYZER_LOCALIZABILITY_NONLOCALIZED = YES;
				CLANG_ENABLE_OBJC_ARC = YES;
				CLANG_WARN_BLOCK_CAPTURE_AUTORELEASING = YES;
				CLANG_WARN_BOOL_CONVERSION = YES;
				CLANG_WARN_COMMA = YES;
				CLANG_WARN_CONSTANT_CONVERSION = YES;
				CLANG_WARN_DEPRECATED_OBJC_IMPLEMENTATIONS = YES;
				CLANG_WARN_EMPTY_BODY = YES;
				CLANG_WARN_ENUM_CONVERSION = YES;
				CLANG_WARN_INFINITE_RECURSION = YES;
				CLANG_WARN_INT_CONVERSION = YES;
				CLANG_WARN_NON_LITERAL_NULL_CONVERSION = YES;
				CLANG_WARN_OBJC_IMPLICIT_RETAIN_SELF = YES;
				CLANG_WARN_OBJC_LITERAL_CONVERSION = YES;
				CLANG_WARN_QUOTED_INCLUDE_IN_FRAMEWORK_HEADER = YES;
				CLANG_WARN_RANGE_LOOP_ANALYSIS = YES;
				CLANG_WARN_STRICT_PROTOTYPES = YES;
				CLANG_WARN_SUSPICIOUS_MOVE = YES;
				CLANG_WARN_UNREACHABLE_CODE = YES;
				CLANG_WARN__DUPLICATE_METHOD_MATCH = YES;
				COPY_PHASE_STRIP = NO;
				ENABLE_HARDENED_RUNTIME = YES;
				ENABLE_STRICT_OBJC_MSGSEND = YES;
				ENABLE_TESTABILITY = YES;
				GCC_C_LANGUAGE_STANDARD = gnu99;
				GCC_DYNAMIC_NO_PIC = NO;
				GCC_ENABLE_OBJC_EXCEPTIONS = YES;
				GCC_NO_COMMON_BLOCKS = YES;
				GCC_OPTIMIZATION_LEVEL = 0;
				GCC_PREPROCESSOR_DEFINITIONS = (
					"DEBUG=1",
					"$(inherited)",
				);
				GCC_SYMBOLS_PRIVATE_EXTERN = NO;
				GCC_VERSION = com.apple.compilers.llvm.clang.1_0;
				GCC_WARN_64_TO_32_BIT_CONVERSION = YES;
				GCC_WARN_ABOUT_MISSING_PROTOTYPES = YES;
				GCC_WARN_ABOUT_RETURN_TYPE = YES;
				GCC_WARN_UNDECLARED_SELECTOR = YES;
				GCC_WARN_UNINITIALIZED_AUTOS = YES;
				GCC_WARN_UNUSED_FUNCTION = YES;
				GCC_WARN_UNUSED_VARIABLE = YES;
				MACOSX_DEPLOYMENT_TARGET = 11.5;
				ONLY_ACTIVE_ARCH = YES;
				SDKROOT = macosx;
			};
			name = Debug;
		};
		9E3A2AF213C231B400E49A59 /* Release */ = {
			isa = XCBuildConfiguration;
			buildSettings = {
				ALWAYS_SEARCH_USER_PATHS = NO;
				ARCHS = "$(ARCHS_STANDARD)";
				ASSETCATALOG_COMPILER_APPICON_NAME = AppIcon;
				CLANG_ANALYZER_LOCALIZABILITY_NONLOCALIZED = YES;
				CLANG_ENABLE_OBJC_ARC = YES;
				CLANG_WARN_BLOCK_CAPTURE_AUTORELEASING = YES;
				CLANG_WARN_BOOL_CONVERSION = YES;
				CLANG_WARN_COMMA = YES;
				CLANG_WARN_CONSTANT_CONVERSION = YES;
				CLANG_WARN_DEPRECATED_OBJC_IMPLEMENTATIONS = YES;
				CLANG_WARN_EMPTY_BODY = YES;
				CLANG_WARN_ENUM_CONVERSION = YES;
				CLANG_WARN_INFINITE_RECURSION = YES;
				CLANG_WARN_INT_CONVERSION = YES;
				CLANG_WARN_NON_LITERAL_NULL_CONVERSION = YES;
				CLANG_WARN_OBJC_IMPLICIT_RETAIN_SELF = YES;
				CLANG_WARN_OBJC_LITERAL_CONVERSION = YES;
				CLANG_WARN_QUOTED_INCLUDE_IN_FRAMEWORK_HEADER = YES;
				CLANG_WARN_RANGE_LOOP_ANALYSIS = YES;
				CLANG_WARN_STRICT_PROTOTYPES = YES;
				CLANG_WARN_SUSPICIOUS_MOVE = YES;
				CLANG_WARN_UNREACHABLE_CODE = YES;
				CLANG_WARN__DUPLICATE_METHOD_MATCH = YES;
				COPY_PHASE_STRIP = YES;
				DEBUG_INFORMATION_FORMAT = "dwarf-with-dsym";
				ENABLE_HARDENED_RUNTIME = YES;
				ENABLE_STRICT_OBJC_MSGSEND = YES;
				GCC_C_LANGUAGE_STANDARD = gnu99;
				GCC_ENABLE_OBJC_EXCEPTIONS = YES;
				GCC_NO_COMMON_BLOCKS = YES;
				GCC_VERSION = com.apple.compilers.llvm.clang.1_0;
				GCC_WARN_64_TO_32_BIT_CONVERSION = YES;
				GCC_WARN_ABOUT_MISSING_PROTOTYPES = YES;
				GCC_WARN_ABOUT_RETURN_TYPE = YES;
				GCC_WARN_UNDECLARED_SELECTOR = YES;
				GCC_WARN_UNINITIALIZED_AUTOS = YES;
				GCC_WARN_UNUSED_FUNCTION = YES;
				GCC_WARN_UNUSED_VARIABLE = YES;
				MACOSX_DEPLOYMENT_TARGET = 11.5;
				ONLY_ACTIVE_ARCH = YES;
				SDKROOT = macosx;
			};
			name = Release;
		};
		9E3A2AF413C231B400E49A59 /* Debug */ = {
			isa = XCBuildConfiguration;
			buildSettings = {
				CODE_SIGN_IDENTITY = "-";
				"CODE_SIGN_IDENTITY[sdk=macosx*]" = "-";
				CODE_SIGN_STYLE = Automatic;
				COMBINE_HIDPI_IMAGES = YES;
				CURRENT_PROJECT_VERSION = 248;
				DEVELOPMENT_TEAM = ER43ZD2S4U;
				ENABLE_HARDENED_RUNTIME = YES;
				FRAMEWORK_SEARCH_PATHS = (
					"$(inherited)",
					"$(SRCROOT)",
					"$(PROJECT_DIR)",
				);
				GCC_PRECOMPILE_PREFIX_HEADER = YES;
				GCC_PREFIX_HEADER = "MP3GainExpress/MP3GainExpress-Prefix.pch";
				INFOPLIST_FILE = "MP3GainExpress/MP3GainExpress-Info.plist";
				INFOPLIST_KEY_LSApplicationCategoryType = "public.app-category.music";
				LD_RUNPATH_SEARCH_PATHS = "$(inherited) @executable_path/../Frameworks";
				MACOSX_DEPLOYMENT_TARGET = 11.5;
				MARKETING_VERSION = 3.0;
				PRODUCT_BUNDLE_IDENTIFIER = "com.sappharad.${PRODUCT_NAME:rfc1034identifier}";
				"PRODUCT_BUNDLE_IDENTIFIER[sdk=macosx*]" = "com.sappharad.${PRODUCT_NAME:rfc1034identifier}";
				PRODUCT_NAME = "MP3Gain Express";
				PROVISIONING_PROFILE_SPECIFIER = "";
				SDKROOT = macosx;
				STRIP_INSTALLED_PRODUCT = NO;
				WRAPPER_EXTENSION = app;
			};
			name = Debug;
		};
		9E3A2AF513C231B400E49A59 /* Release */ = {
			isa = XCBuildConfiguration;
			buildSettings = {
				CODE_SIGN_IDENTITY = "-";
				"CODE_SIGN_IDENTITY[sdk=macosx*]" = "-";
				CODE_SIGN_STYLE = Automatic;
				COMBINE_HIDPI_IMAGES = YES;
				CURRENT_PROJECT_VERSION = 248;
				DEVELOPMENT_TEAM = ER43ZD2S4U;
				ENABLE_HARDENED_RUNTIME = YES;
				FRAMEWORK_SEARCH_PATHS = (
					"$(inherited)",
					"$(SRCROOT)",
					"$(PROJECT_DIR)",
				);
				GCC_PRECOMPILE_PREFIX_HEADER = YES;
				GCC_PREFIX_HEADER = "MP3GainExpress/MP3GainExpress-Prefix.pch";
				INFOPLIST_FILE = "MP3GainExpress/MP3GainExpress-Info.plist";
				INFOPLIST_KEY_LSApplicationCategoryType = "public.app-category.music";
				LD_RUNPATH_SEARCH_PATHS = "$(inherited) @executable_path/../Frameworks";
				MACOSX_DEPLOYMENT_TARGET = 11.5;
				MARKETING_VERSION = 3.0;
				PRODUCT_BUNDLE_IDENTIFIER = "com.sappharad.${PRODUCT_NAME:rfc1034identifier}";
				"PRODUCT_BUNDLE_IDENTIFIER[sdk=macosx*]" = "com.sappharad.${PRODUCT_NAME:rfc1034identifier}";
				PRODUCT_NAME = "MP3Gain Express";
				PROVISIONING_PROFILE_SPECIFIER = "";
				SDKROOT = macosx;
				STRIP_INSTALLED_PRODUCT = NO;
				WRAPPER_EXTENSION = app;
			};
			name = Release;
		};
/* End XCBuildConfiguration section */

/* Begin XCConfigurationList section */
		9E3A2ACF13C231B400E49A59 /* Build configuration list for PBXProject "MP3GainExpress" */ = {
			isa = XCConfigurationList;
			buildConfigurations = (
				9E3A2AF113C231B400E49A59 /* Debug */,
				9E3A2AF213C231B400E49A59 /* Release */,
			);
			defaultConfigurationIsVisible = 0;
			defaultConfigurationName = Release;
		};
		9E3A2AF313C231B400E49A59 /* Build configuration list for PBXNativeTarget "MP3GainExpress" */ = {
			isa = XCConfigurationList;
			buildConfigurations = (
				9E3A2AF413C231B400E49A59 /* Debug */,
				9E3A2AF513C231B400E49A59 /* Release */,
			);
			defaultConfigurationIsVisible = 0;
			defaultConfigurationName = Release;
		};
/* End XCConfigurationList section */
	};
	rootObject = 9E3A2ACC13C231B400E49A59 /* Project object */;
}
