// !$*UTF8*$!
{
	archiveVersion = 1;
	classes = {
	};
	objectVersion = 46;
	objects = {

/* Begin PBXBuildFile section */
		9E14A37A1DA358940083378F /* FileProgressViewItem.m in Sources */ = {isa = PBXBuildFile; fileRef = 9E14A3781DA358940083378F /* FileProgressViewItem.m */; };
		9E14A37B1DA358940083378F /* FileProgressViewItem.xib in Resources */ = {isa = PBXBuildFile; fileRef = 9E14A3791DA358940083378F /* FileProgressViewItem.xib */; };
		9E3A2AE413C231B400E49A59 /* InfoPlist.strings in Resources */ = {isa = PBXBuildFile; fileRef = 9E3A2AE213C231B400E49A59 /* InfoPlist.strings */; };
		9E3A2AE613C231B400E49A59 /* main.m in Sources */ = {isa = PBXBuildFile; fileRef = 9E3A2AE513C231B400E49A59 /* main.m */; };
		9E3A2AEA13C231B400E49A59 /* Credits.rtf in Resources */ = {isa = PBXBuildFile; fileRef = 9E3A2AE813C231B400E49A59 /* Credits.rtf */; };
		9E3A2AED13C231B400E49A59 /* Mp3GainMacAppDelegate.m in Sources */ = {isa = PBXBuildFile; fileRef = 9E3A2AEC13C231B400E49A59 /* Mp3GainMacAppDelegate.m */; };
		9E3A2AF013C231B400E49A59 /* MainMenu.xib in Resources */ = {isa = PBXBuildFile; fileRef = 9E3A2AEE13C231B400E49A59 /* MainMenu.xib */; };
		9E3A2AF713C237A000E49A59 /* AddSong.png in Resources */ = {isa = PBXBuildFile; fileRef = 9E3A2AF613C237A000E49A59 /* AddSong.png */; };
		9E3A2AFB13C23D5200E49A59 /* AddFolder.png in Resources */ = {isa = PBXBuildFile; fileRef = 9E3A2AF813C23D5200E49A59 /* AddFolder.png */; };
		9E3A2AFC13C23D5200E49A59 /* ClearAll.png in Resources */ = {isa = PBXBuildFile; fileRef = 9E3A2AF913C23D5200E49A59 /* ClearAll.png */; };
		9E3A2AFD13C23D5200E49A59 /* ClearSong.png in Resources */ = {isa = PBXBuildFile; fileRef = 9E3A2AFA13C23D5200E49A59 /* ClearSong.png */; };
		9E4132901D52DEE600F0A004 /* Mp3GainTask.m in Sources */ = {isa = PBXBuildFile; fileRef = 9E41328F1D52DEE600F0A004 /* Mp3GainTask.m */; };
		9E431AEF1D4AFBE100A69E9D /* Sparkle.framework in Frameworks */ = {isa = PBXBuildFile; fileRef = 9E93CC6715E85A99005A76C5 /* Sparkle.framework */; };
		9E431AF11D4AFBE700A69E9D /* Sparkle.framework in Embed Frameworks */ = {isa = PBXBuildFile; fileRef = 9E93CC6715E85A99005A76C5 /* Sparkle.framework */; settings = {ATTRIBUTES = (CodeSignOnCopy, RemoveHeadersOnCopy, ); }; };
		9E431AF41D4AFC2800A69E9D /* CoreFoundation.framework in Frameworks */ = {isa = PBXBuildFile; fileRef = 9E431AF31D4AFC2800A69E9D /* CoreFoundation.framework */; };
		9E431AF61D4AFC3700A69E9D /* AppKit.framework in Frameworks */ = {isa = PBXBuildFile; fileRef = 9E431AF51D4AFC3700A69E9D /* AppKit.framework */; };
		9E46184C1EDBC36100C12330 /* aacgain in Resources */ = {isa = PBXBuildFile; fileRef = 9E46184B1EDBC36100C12330 /* aacgain */; };
		9E48BC2A13C3F34A003BDC4F /* m3gInputList.m in Sources */ = {isa = PBXBuildFile; fileRef = 9E48BC2913C3F34A003BDC4F /* m3gInputList.m */; };
		9E5E0AC11ED8D0E500B2D422 /* m3gPreferences.m in Sources */ = {isa = PBXBuildFile; fileRef = 9E5E0AC01ED8D0E500B2D422 /* m3gPreferences.m */; };
		9E93CC6515E85107005A76C5 /* ui_text.strings in Resources */ = {isa = PBXBuildFile; fileRef = 9E93CC6315E85107005A76C5 /* ui_text.strings */; };
		9E93CC6C15E86327005A76C5 /* dsa_pub.pem in Resources */ = {isa = PBXBuildFile; fileRef = 9E93CC6B15E86327005A76C5 /* dsa_pub.pem */; };
		9EA9F17713C278550036B145 /* m3gInputItem.m in Sources */ = {isa = PBXBuildFile; fileRef = 9EA9F17613C278550036B145 /* m3gInputItem.m */; };
		9EB6852C1EB839E7003DD377 /* Resources.xcassets in Resources */ = {isa = PBXBuildFile; fileRef = 9EB6852B1EB839E7003DD377 /* Resources.xcassets */; };
		9EBDFE2E1EB53E4300C0F9F4 /* M3GWindow.m in Sources */ = {isa = PBXBuildFile; fileRef = 9EBDFE2D1EB53E4300C0F9F4 /* M3GWindow.m */; };
/* End PBXBuildFile section */

/* Begin PBXCopyFilesBuildPhase section */
		9E431AF21D4AFBE700A69E9D /* Embed Frameworks */ = {
			isa = PBXCopyFilesBuildPhase;
			buildActionMask = 2147483647;
			dstPath = "";
			dstSubfolderSpec = 10;
			files = (
				9E431AF11D4AFBE700A69E9D /* Sparkle.framework in Embed Frameworks */,
			);
			name = "Embed Frameworks";
			runOnlyForDeploymentPostprocessing = 0;
		};
/* End PBXCopyFilesBuildPhase section */

/* Begin PBXFileReference section */
		9E14A3771DA358940083378F /* FileProgressViewItem.h */ = {isa = PBXFileReference; fileEncoding = 4; lastKnownFileType = sourcecode.c.h; path = FileProgressViewItem.h; sourceTree = "<group>"; };
		9E14A3781DA358940083378F /* FileProgressViewItem.m */ = {isa = PBXFileReference; fileEncoding = 4; lastKnownFileType = sourcecode.c.objc; path = FileProgressViewItem.m; sourceTree = "<group>"; };
		9E14A3791DA358940083378F /* FileProgressViewItem.xib */ = {isa = PBXFileReference; fileEncoding = 4; lastKnownFileType = file.xib; path = FileProgressViewItem.xib; sourceTree = "<group>"; };
		9E3A2AD513C231B400E49A59 /* MP3Gain Express.app */ = {isa = PBXFileReference; explicitFileType = wrapper.application; includeInIndex = 0; path = "MP3Gain Express.app"; sourceTree = BUILT_PRODUCTS_DIR; };
		9E3A2AE113C231B400E49A59 /* MP3GainExpress-Info.plist */ = {isa = PBXFileReference; lastKnownFileType = text.plist.xml; path = "MP3GainExpress-Info.plist"; sourceTree = "<group>"; };
		9E3A2AE313C231B400E49A59 /* en */ = {isa = PBXFileReference; lastKnownFileType = text.plist.strings; name = en; path = en.lproj/InfoPlist.strings; sourceTree = "<group>"; };
		9E3A2AE513C231B400E49A59 /* main.m */ = {isa = PBXFileReference; lastKnownFileType = sourcecode.c.objc; path = main.m; sourceTree = "<group>"; };
		9E3A2AE713C231B400E49A59 /* MP3GainExpress-Prefix.pch */ = {isa = PBXFileReference; lastKnownFileType = sourcecode.c.h; path = "MP3GainExpress-Prefix.pch"; sourceTree = "<group>"; };
		9E3A2AE913C231B400E49A59 /* en */ = {isa = PBXFileReference; lastKnownFileType = text.rtf; name = en; path = en.lproj/Credits.rtf; sourceTree = "<group>"; };
		9E3A2AEB13C231B400E49A59 /* Mp3GainMacAppDelegate.h */ = {isa = PBXFileReference; lastKnownFileType = sourcecode.c.h; path = Mp3GainMacAppDelegate.h; sourceTree = "<group>"; };
		9E3A2AEC13C231B400E49A59 /* Mp3GainMacAppDelegate.m */ = {isa = PBXFileReference; lastKnownFileType = sourcecode.c.objc; path = Mp3GainMacAppDelegate.m; sourceTree = "<group>"; };
		9E3A2AEF13C231B400E49A59 /* en */ = {isa = PBXFileReference; lastKnownFileType = file.xib; name = en; path = en.lproj/MainMenu.xib; sourceTree = "<group>"; };
		9E3A2AF613C237A000E49A59 /* AddSong.png */ = {isa = PBXFileReference; lastKnownFileType = image.png; path = AddSong.png; sourceTree = "<group>"; };
		9E3A2AF813C23D5200E49A59 /* AddFolder.png */ = {isa = PBXFileReference; lastKnownFileType = image.png; path = AddFolder.png; sourceTree = "<group>"; };
		9E3A2AF913C23D5200E49A59 /* ClearAll.png */ = {isa = PBXFileReference; lastKnownFileType = image.png; path = ClearAll.png; sourceTree = "<group>"; };
		9E3A2AFA13C23D5200E49A59 /* ClearSong.png */ = {isa = PBXFileReference; lastKnownFileType = image.png; path = ClearSong.png; sourceTree = "<group>"; };
		9E41328E1D52DEE600F0A004 /* Mp3GainTask.h */ = {isa = PBXFileReference; fileEncoding = 4; lastKnownFileType = sourcecode.c.h; path = Mp3GainTask.h; sourceTree = "<group>"; };
		9E41328F1D52DEE600F0A004 /* Mp3GainTask.m */ = {isa = PBXFileReference; fileEncoding = 4; lastKnownFileType = sourcecode.c.objc; path = Mp3GainTask.m; sourceTree = "<group>"; };
		9E431AF31D4AFC2800A69E9D /* CoreFoundation.framework */ = {isa = PBXFileReference; lastKnownFileType = wrapper.framework; name = CoreFoundation.framework; path = System/Library/Frameworks/CoreFoundation.framework; sourceTree = SDKROOT; };
		9E431AF51D4AFC3700A69E9D /* AppKit.framework */ = {isa = PBXFileReference; lastKnownFileType = wrapper.framework; name = AppKit.framework; path = System/Library/Frameworks/AppKit.framework; sourceTree = SDKROOT; };
		9E46184B1EDBC36100C12330 /* aacgain */ = {isa = PBXFileReference; lastKnownFileType = "compiled.mach-o.executable"; path = aacgain; sourceTree = "<group>"; };
		9E48BC2813C3F34A003BDC4F /* m3gInputList.h */ = {isa = PBXFileReference; fileEncoding = 4; lastKnownFileType = sourcecode.c.h; path = m3gInputList.h; sourceTree = "<group>"; };
		9E48BC2913C3F34A003BDC4F /* m3gInputList.m */ = {isa = PBXFileReference; fileEncoding = 4; lastKnownFileType = sourcecode.c.objc; path = m3gInputList.m; sourceTree = "<group>"; };
		9E5E0ABF1ED8D0E500B2D422 /* m3gPreferences.h */ = {isa = PBXFileReference; fileEncoding = 4; lastKnownFileType = sourcecode.c.h; path = m3gPreferences.h; sourceTree = "<group>"; };
		9E5E0AC01ED8D0E500B2D422 /* m3gPreferences.m */ = {isa = PBXFileReference; fileEncoding = 4; lastKnownFileType = sourcecode.c.objc; path = m3gPreferences.m; sourceTree = "<group>"; };
		9E93CC6015E847E8005A76C5 /* es */ = {isa = PBXFileReference; lastKnownFileType = text.plist.strings; name = es; path = es.lproj/InfoPlist.strings; sourceTree = "<group>"; };
		9E93CC6115E847E8005A76C5 /* es */ = {isa = PBXFileReference; lastKnownFileType = text.rtf; name = es; path = es.lproj/Credits.rtf; sourceTree = "<group>"; };
		9E93CC6415E85107005A76C5 /* en */ = {isa = PBXFileReference; lastKnownFileType = text.plist.strings; name = en; path = en.lproj/ui_text.strings; sourceTree = "<group>"; };
		9E93CC6615E85110005A76C5 /* es */ = {isa = PBXFileReference; lastKnownFileType = text.plist.strings; name = es; path = es.lproj/ui_text.strings; sourceTree = "<group>"; };
		9E93CC6715E85A99005A76C5 /* Sparkle.framework */ = {isa = PBXFileReference; lastKnownFileType = wrapper.framework; path = Sparkle.framework; sourceTree = "<group>"; };
		9E93CC6B15E86327005A76C5 /* dsa_pub.pem */ = {isa = PBXFileReference; fileEncoding = 4; lastKnownFileType = text; path = dsa_pub.pem; sourceTree = SOURCE_ROOT; };
		9EA9F17513C278550036B145 /* m3gInputItem.h */ = {isa = PBXFileReference; fileEncoding = 4; lastKnownFileType = sourcecode.c.h; path = m3gInputItem.h; sourceTree = "<group>"; };
		9EA9F17613C278550036B145 /* m3gInputItem.m */ = {isa = PBXFileReference; fileEncoding = 4; lastKnownFileType = sourcecode.c.objc; path = m3gInputItem.m; sourceTree = "<group>"; };
		9EB6852B1EB839E7003DD377 /* Resources.xcassets */ = {isa = PBXFileReference; lastKnownFileType = folder.assetcatalog; path = Resources.xcassets; sourceTree = "<group>"; };
		9EBD959E1EE26DA800CFEF8D /* es */ = {isa = PBXFileReference; lastKnownFileType = file.xib; name = es; path = es.lproj/MainMenu.xib; sourceTree = "<group>"; };
		9EBDFE2C1EB53E4300C0F9F4 /* M3GWindow.h */ = {isa = PBXFileReference; fileEncoding = 4; lastKnownFileType = sourcecode.c.h; path = M3GWindow.h; sourceTree = "<group>"; };
		9EBDFE2D1EB53E4300C0F9F4 /* M3GWindow.m */ = {isa = PBXFileReference; fileEncoding = 4; lastKnownFileType = sourcecode.c.objc; path = M3GWindow.m; sourceTree = "<group>"; };
/* End PBXFileReference section */

/* Begin PBXFrameworksBuildPhase section */
		9E3A2AD213C231B400E49A59 /* Frameworks */ = {
			isa = PBXFrameworksBuildPhase;
			buildActionMask = 2147483647;
			files = (
				9E431AF61D4AFC3700A69E9D /* AppKit.framework in Frameworks */,
				9E431AF41D4AFC2800A69E9D /* CoreFoundation.framework in Frameworks */,
				9E431AEF1D4AFBE100A69E9D /* Sparkle.framework in Frameworks */,
			);
			runOnlyForDeploymentPostprocessing = 0;
		};
/* End PBXFrameworksBuildPhase section */

/* Begin PBXGroup section */
		9E3A2ACA13C231B400E49A59 = {
			isa = PBXGroup;
			children = (
				9E3A2ADF13C231B400E49A59 /* Mp3GainMac */,
				9E3A2AD813C231B400E49A59 /* Frameworks */,
				9E3A2AD613C231B400E49A59 /* Products */,
			);
			sourceTree = "<group>";
		};
		9E3A2AD613C231B400E49A59 /* Products */ = {
			isa = PBXGroup;
			children = (
				9E3A2AD513C231B400E49A59 /* MP3Gain Express.app */,
			);
			name = Products;
			sourceTree = "<group>";
		};
		9E3A2AD813C231B400E49A59 /* Frameworks */ = {
			isa = PBXGroup;
			children = (
				9E431AF51D4AFC3700A69E9D /* AppKit.framework */,
				9E431AF31D4AFC2800A69E9D /* CoreFoundation.framework */,
				9E93CC6715E85A99005A76C5 /* Sparkle.framework */,
			);
			name = Frameworks;
			sourceTree = "<group>";
		};
		9E3A2ADF13C231B400E49A59 /* Mp3GainMac */ = {
			isa = PBXGroup;
			children = (
				9E46184B1EDBC36100C12330 /* aacgain */,
				9E48BC2813C3F34A003BDC4F /* m3gInputList.h */,
				9E48BC2913C3F34A003BDC4F /* m3gInputList.m */,
				9EA9F17513C278550036B145 /* m3gInputItem.h */,
				9EA9F17613C278550036B145 /* m3gInputItem.m */,
				9E3A2AEB13C231B400E49A59 /* Mp3GainMacAppDelegate.h */,
				9E3A2AEC13C231B400E49A59 /* Mp3GainMacAppDelegate.m */,
				9E3A2AEE13C231B400E49A59 /* MainMenu.xib */,
				9E3A2AE013C231B400E49A59 /* Supporting Files */,
				9E41328E1D52DEE600F0A004 /* Mp3GainTask.h */,
				9E41328F1D52DEE600F0A004 /* Mp3GainTask.m */,
				9E14A3771DA358940083378F /* FileProgressViewItem.h */,
				9E14A3781DA358940083378F /* FileProgressViewItem.m */,
				9E14A3791DA358940083378F /* FileProgressViewItem.xib */,
				9EBDFE2C1EB53E4300C0F9F4 /* M3GWindow.h */,
				9EBDFE2D1EB53E4300C0F9F4 /* M3GWindow.m */,
				9E5E0ABF1ED8D0E500B2D422 /* m3gPreferences.h */,
				9E5E0AC01ED8D0E500B2D422 /* m3gPreferences.m */,
			);
			path = Mp3GainMac;
			sourceTree = "<group>";
		};
		9E3A2AE013C231B400E49A59 /* Supporting Files */ = {
			isa = PBXGroup;
			children = (
				9E93CC6B15E86327005A76C5 /* dsa_pub.pem */,
				9E3A2AE113C231B400E49A59 /* MP3GainExpress-Info.plist */,
				9E3A2AE213C231B400E49A59 /* InfoPlist.strings */,
				9E3A2AE513C231B400E49A59 /* main.m */,
				9E3A2AE713C231B400E49A59 /* MP3GainExpress-Prefix.pch */,
				9E3A2AE813C231B400E49A59 /* Credits.rtf */,
				9E93CC6315E85107005A76C5 /* ui_text.strings */,
				9E3A2AF813C23D5200E49A59 /* AddFolder.png */,
				9E3A2AF913C23D5200E49A59 /* ClearAll.png */,
				9E3A2AFA13C23D5200E49A59 /* ClearSong.png */,
				9E3A2AF613C237A000E49A59 /* AddSong.png */,
				9EB6852B1EB839E7003DD377 /* Resources.xcassets */,
			);
			name = "Supporting Files";
			sourceTree = "<group>";
		};
/* End PBXGroup section */

/* Begin PBXNativeTarget section */
		9E3A2AD413C231B400E49A59 /* MP3GainExpress */ = {
			isa = PBXNativeTarget;
			buildConfigurationList = 9E3A2AF313C231B400E49A59 /* Build configuration list for PBXNativeTarget "MP3GainExpress" */;
			buildPhases = (
				9E3A2AD113C231B400E49A59 /* Sources */,
				9E3A2AD213C231B400E49A59 /* Frameworks */,
				9E3A2AD313C231B400E49A59 /* Resources */,
				9E431AF21D4AFBE700A69E9D /* Embed Frameworks */,
			);
			buildRules = (
			);
			dependencies = (
			);
			name = MP3GainExpress;
			productName = Mp3GainMac;
			productReference = 9E3A2AD513C231B400E49A59 /* MP3Gain Express.app */;
			productType = "com.apple.product-type.application";
		};
/* End PBXNativeTarget section */

/* Begin PBXProject section */
		9E3A2ACC13C231B400E49A59 /* Project object */ = {
			isa = PBXProject;
			attributes = {
				LastUpgradeCheck = 0830;
			};
			buildConfigurationList = 9E3A2ACF13C231B400E49A59 /* Build configuration list for PBXProject "MP3GainExpress" */;
			compatibilityVersion = "Xcode 3.2";
			developmentRegion = English;
			hasScannedForEncodings = 0;
			knownRegions = (
				en,
				es,
			);
			mainGroup = 9E3A2ACA13C231B400E49A59;
			productRefGroup = 9E3A2AD613C231B400E49A59 /* Products */;
			projectDirPath = "";
			projectRoot = "";
			targets = (
				9E3A2AD413C231B400E49A59 /* MP3GainExpress */,
			);
		};
/* End PBXProject section */

/* Begin PBXResourcesBuildPhase section */
		9E3A2AD313C231B400E49A59 /* Resources */ = {
			isa = PBXResourcesBuildPhase;
			buildActionMask = 2147483647;
			files = (
				9E3A2AE413C231B400E49A59 /* InfoPlist.strings in Resources */,
				9EB6852C1EB839E7003DD377 /* Resources.xcassets in Resources */,
				9E46184C1EDBC36100C12330 /* aacgain in Resources */,
				9E3A2AEA13C231B400E49A59 /* Credits.rtf in Resources */,
				9E3A2AF013C231B400E49A59 /* MainMenu.xib in Resources */,
				9E3A2AF713C237A000E49A59 /* AddSong.png in Resources */,
				9E14A37B1DA358940083378F /* FileProgressViewItem.xib in Resources */,
				9E3A2AFB13C23D5200E49A59 /* AddFolder.png in Resources */,
				9E3A2AFC13C23D5200E49A59 /* ClearAll.png in Resources */,
				9E3A2AFD13C23D5200E49A59 /* ClearSong.png in Resources */,
				9E93CC6515E85107005A76C5 /* ui_text.strings in Resources */,
				9E93CC6C15E86327005A76C5 /* dsa_pub.pem in Resources */,
			);
			runOnlyForDeploymentPostprocessing = 0;
		};
/* End PBXResourcesBuildPhase section */

/* Begin PBXSourcesBuildPhase section */
		9E3A2AD113C231B400E49A59 /* Sources */ = {
			isa = PBXSourcesBuildPhase;
			buildActionMask = 2147483647;
			files = (
				9E4132901D52DEE600F0A004 /* Mp3GainTask.m in Sources */,
				9E3A2AE613C231B400E49A59 /* main.m in Sources */,
				9EBDFE2E1EB53E4300C0F9F4 /* M3GWindow.m in Sources */,
				9E3A2AED13C231B400E49A59 /* Mp3GainMacAppDelegate.m in Sources */,
				9E5E0AC11ED8D0E500B2D422 /* m3gPreferences.m in Sources */,
				9E14A37A1DA358940083378F /* FileProgressViewItem.m in Sources */,
				9EA9F17713C278550036B145 /* m3gInputItem.m in Sources */,
				9E48BC2A13C3F34A003BDC4F /* m3gInputList.m in Sources */,
			);
			runOnlyForDeploymentPostprocessing = 0;
		};
/* End PBXSourcesBuildPhase section */

/* Begin PBXVariantGroup section */
		9E3A2AE213C231B400E49A59 /* InfoPlist.strings */ = {
			isa = PBXVariantGroup;
			children = (
				9E3A2AE313C231B400E49A59 /* en */,
				9E93CC6015E847E8005A76C5 /* es */,
			);
			name = InfoPlist.strings;
			sourceTree = "<group>";
		};
		9E3A2AE813C231B400E49A59 /* Credits.rtf */ = {
			isa = PBXVariantGroup;
			children = (
				9E3A2AE913C231B400E49A59 /* en */,
				9E93CC6115E847E8005A76C5 /* es */,
			);
			name = Credits.rtf;
			sourceTree = "<group>";
		};
		9E3A2AEE13C231B400E49A59 /* MainMenu.xib */ = {
			isa = PBXVariantGroup;
			children = (
				9E3A2AEF13C231B400E49A59 /* en */,
				9EBD959E1EE26DA800CFEF8D /* es */,
			);
			name = MainMenu.xib;
			sourceTree = "<group>";
		};
		9E93CC6315E85107005A76C5 /* ui_text.strings */ = {
			isa = PBXVariantGroup;
			children = (
				9E93CC6415E85107005A76C5 /* en */,
				9E93CC6615E85110005A76C5 /* es */,
			);
			name = ui_text.strings;
			sourceTree = "<group>";
		};
/* End PBXVariantGroup section */

/* Begin XCBuildConfiguration section */
		9E3A2AF113C231B400E49A59 /* Debug */ = {
			isa = XCBuildConfiguration;
			buildSettings = {
				ALWAYS_SEARCH_USER_PATHS = NO;
				ASSETCATALOG_COMPILER_APPICON_NAME = AppIcon;
				CLANG_ANALYZER_LOCALIZABILITY_NONLOCALIZED = YES;
				CLANG_ENABLE_OBJC_ARC = YES;
				CLANG_WARN_BOOL_CONVERSION = YES;
				CLANG_WARN_CONSTANT_CONVERSION = YES;
				CLANG_WARN_EMPTY_BODY = YES;
				CLANG_WARN_ENUM_CONVERSION = YES;
				CLANG_WARN_INFINITE_RECURSION = YES;
				CLANG_WARN_INT_CONVERSION = YES;
				CLANG_WARN_SUSPICIOUS_MOVE = YES;
				CLANG_WARN_UNREACHABLE_CODE = YES;
				CLANG_WARN__DUPLICATE_METHOD_MATCH = YES;
				COPY_PHASE_STRIP = NO;
				ENABLE_STRICT_OBJC_MSGSEND = YES;
				ENABLE_TESTABILITY = YES;
				GCC_C_LANGUAGE_STANDARD = gnu99;
				GCC_DYNAMIC_NO_PIC = NO;
				GCC_ENABLE_OBJC_EXCEPTIONS = YES;
				GCC_NO_COMMON_BLOCKS = YES;
				GCC_OPTIMIZATION_LEVEL = 0;
				GCC_PREPROCESSOR_DEFINITIONS = (
					"DEBUG=1",
					"$(inherited)",
				);
				GCC_SYMBOLS_PRIVATE_EXTERN = NO;
				GCC_VERSION = com.apple.compilers.llvm.clang.1_0;
				GCC_WARN_64_TO_32_BIT_CONVERSION = YES;
				GCC_WARN_ABOUT_MISSING_PROTOTYPES = YES;
				GCC_WARN_ABOUT_RETURN_TYPE = YES;
				GCC_WARN_UNDECLARED_SELECTOR = YES;
				GCC_WARN_UNINITIALIZED_AUTOS = YES;
				GCC_WARN_UNUSED_FUNCTION = YES;
				GCC_WARN_UNUSED_VARIABLE = YES;
				MACOSX_DEPLOYMENT_TARGET = 10.7;
				ONLY_ACTIVE_ARCH = YES;
				SDKROOT = macosx;
			};
			name = Debug;
		};
		9E3A2AF213C231B400E49A59 /* Release */ = {
			isa = XCBuildConfiguration;
			buildSettings = {
				ALWAYS_SEARCH_USER_PATHS = NO;
				ASSETCATALOG_COMPILER_APPICON_NAME = AppIcon;
				CLANG_ANALYZER_LOCALIZABILITY_NONLOCALIZED = YES;
				CLANG_ENABLE_OBJC_ARC = YES;
				CLANG_WARN_BOOL_CONVERSION = YES;
				CLANG_WARN_CONSTANT_CONVERSION = YES;
				CLANG_WARN_EMPTY_BODY = YES;
				CLANG_WARN_ENUM_CONVERSION = YES;
				CLANG_WARN_INFINITE_RECURSION = YES;
				CLANG_WARN_INT_CONVERSION = YES;
				CLANG_WARN_SUSPICIOUS_MOVE = YES;
				CLANG_WARN_UNREACHABLE_CODE = YES;
				CLANG_WARN__DUPLICATE_METHOD_MATCH = YES;
				COPY_PHASE_STRIP = YES;
				DEBUG_INFORMATION_FORMAT = "dwarf-with-dsym";
				ENABLE_STRICT_OBJC_MSGSEND = YES;
				GCC_C_LANGUAGE_STANDARD = gnu99;
				GCC_ENABLE_OBJC_EXCEPTIONS = YES;
				GCC_NO_COMMON_BLOCKS = YES;
				GCC_VERSION = com.apple.compilers.llvm.clang.1_0;
				GCC_WARN_64_TO_32_BIT_CONVERSION = YES;
				GCC_WARN_ABOUT_MISSING_PROTOTYPES = YES;
				GCC_WARN_ABOUT_RETURN_TYPE = YES;
				GCC_WARN_UNDECLARED_SELECTOR = YES;
				GCC_WARN_UNINITIALIZED_AUTOS = YES;
				GCC_WARN_UNUSED_FUNCTION = YES;
				GCC_WARN_UNUSED_VARIABLE = YES;
				MACOSX_DEPLOYMENT_TARGET = 10.7;
				SDKROOT = macosx;
			};
			name = Release;
		};
		9E3A2AF413C231B400E49A59 /* Debug */ = {
			isa = XCBuildConfiguration;
			buildSettings = {
				COMBINE_HIDPI_IMAGES = YES;
				FRAMEWORK_SEARCH_PATHS = (
					"$(inherited)",
					"$(SRCROOT)",
					"$(PROJECT_DIR)",
				);
				GCC_PRECOMPILE_PREFIX_HEADER = YES;
				GCC_PREFIX_HEADER = "Mp3GainMac/MP3GainExpress-Prefix.pch";
				INFOPLIST_FILE = "Mp3GainMac/MP3GainExpress-Info.plist";
				LD_RUNPATH_SEARCH_PATHS = "$(inherited) @executable_path/../Frameworks";
				MACOSX_DEPLOYMENT_TARGET = 10.7;
				PRODUCT_BUNDLE_IDENTIFIER = "com.sappharad.${PRODUCT_NAME:rfc1034identifier}";
				PRODUCT_NAME = "MP3Gain Express";
				SDKROOT = macosx;
				STRIP_INSTALLED_PRODUCT = NO;
				WRAPPER_EXTENSION = app;
			};
			name = Debug;
		};
		9E3A2AF513C231B400E49A59 /* Release */ = {
			isa = XCBuildConfiguration;
			buildSettings = {
				COMBINE_HIDPI_IMAGES = YES;
				FRAMEWORK_SEARCH_PATHS = (
					"$(inherited)",
					"$(SRCROOT)",
					"$(PROJECT_DIR)",
				);
				GCC_PRECOMPILE_PREFIX_HEADER = YES;
				GCC_PREFIX_HEADER = "Mp3GainMac/MP3GainExpress-Prefix.pch";
				INFOPLIST_FILE = "Mp3GainMac/MP3GainExpress-Info.plist";
				LD_RUNPATH_SEARCH_PATHS = "$(inherited) @executable_path/../Frameworks";
				MACOSX_DEPLOYMENT_TARGET = 10.7;
				PRODUCT_BUNDLE_IDENTIFIER = "com.sappharad.${PRODUCT_NAME:rfc1034identifier}";
				PRODUCT_NAME = "MP3Gain Express";
				SDKROOT = macosx;
				STRIP_INSTALLED_PRODUCT = NO;
				WRAPPER_EXTENSION = app;
			};
			name = Release;
		};
/* End XCBuildConfiguration section */

/* Begin XCConfigurationList section */
		9E3A2ACF13C231B400E49A59 /* Build configuration list for PBXProject "MP3GainExpress" */ = {
			isa = XCConfigurationList;
			buildConfigurations = (
				9E3A2AF113C231B400E49A59 /* Debug */,
				9E3A2AF213C231B400E49A59 /* Release */,
			);
			defaultConfigurationIsVisible = 0;
			defaultConfigurationName = Release;
		};
		9E3A2AF313C231B400E49A59 /* Build configuration list for PBXNativeTarget "MP3GainExpress" */ = {
			isa = XCConfigurationList;
			buildConfigurations = (
				9E3A2AF413C231B400E49A59 /* Debug */,
				9E3A2AF513C231B400E49A59 /* Release */,
			);
			defaultConfigurationIsVisible = 0;
			defaultConfigurationName = Release;
		};
/* End XCConfigurationList section */
	};
	rootObject = 9E3A2ACC13C231B400E49A59 /* Project object */;
}
